
Microsoft Visual Studio Solution File, Format Version 12.00
# Visual Studio Version 16
VisualStudioVersion = 16.0.30104.148
MinimumVisualStudioVersion = 10.0.40219.1
Project("{9A19103F-16F7-4668-BE54-9A1E7A4F7556}") = "EHouseApp.web", "EHouseApp.web\EHouseApp.web.csproj", "{78E08C9B-478E-439C-B72F-B3B1AC03BEBF}"
EndProject
Project("{9A19103F-16F7-4668-BE54-9A1E7A4F7556}") = "EHouseApp.Data", "..\EHouseApp.Data\EHouseApp.Data.csproj", "{835BA2E0-B00F-4617-ADB2-12F2119B3BE1}"
EndProject
Global
	GlobalSection(SolutionConfigurationPlatforms) = preSolution
		Debug|Any CPU = Debug|Any CPU
		Release|Any CPU = Release|Any CPU
	EndGlobalSection
	GlobalSection(ProjectConfigurationPlatforms) = postSolution
		{78E08C9B-478E-439C-B72F-B3B1AC03BEBF}.Debug|Any CPU.ActiveCfg = Debug|Any CPU
		{78E08C9B-478E-439C-B72F-B3B1AC03BEBF}.Debug|Any CPU.Build.0 = Debug|Any CPU
		{78E08C9B-478E-439C-B72F-B3B1AC03BEBF}.Release|Any CPU.ActiveCfg = Release|Any CPU
		{78E08C9B-478E-439C-B72F-B3B1AC03BEBF}.Release|Any CPU.Build.0 = Release|Any CPU
		{835BA2E0-B00F-4617-ADB2-12F2119B3BE1}.Debug|Any CPU.ActiveCfg = Debug|Any CPU
		{835BA2E0-B00F-4617-ADB2-12F2119B3BE1}.Debug|Any CPU.Build.0 = Debug|Any CPU
		{835BA2E0-B00F-4617-ADB2-12F2119B3BE1}.Release|Any CPU.ActiveCfg = Release|Any CPU
		{835BA2E0-B00F-4617-ADB2-12F2119B3BE1}.Release|Any CPU.Build.0 = Release|Any CPU
	EndGlobalSection
	GlobalSection(SolutionProperties) = preSolution
		HideSolutionNode = FALSE
	EndGlobalSection
	GlobalSection(ExtensibilityGlobals) = postSolution
		SolutionGuid = {3FF9FA41-F96D-4C21-8627-37628BA1E8AD}
	EndGlobalSection
EndGlobal
